# This file was autogenerated by Stack.
# You should not edit this file by hand.
# For more information, please see the documentation at:
#   https://docs.haskellstack.org/en/stable/lock_files

packages:
- completed:
    hackage: hspec-2.7.10@sha256:c9e82c90086acebac576552a06f3cabd249bba048edd1667c7fae0b1313d5bce,1712
    pantry-tree:
      size: 583
      sha256: c67dad42129f684b8d21deb0d2948d88618a287fe6a7ae235a232959bfe313df
  original:
    hackage: hspec-2.7.10
snapshots:
- completed:
    size: 586041
    url: https://raw.githubusercontent.com/commercialhaskell/stackage-snapshots/master/lts/18/12.yaml
    sha256: 80fc6391195ff00c36f2a605ecbb07de909bfaa2eaa9722a27e486a6ecf8ecb0
  original:
    url: https://raw.githubusercontent.com/commercialhaskell/stackage-snapshots/master/lts/18/12.yaml
